// !$*UTF8*$!
{
	archiveVersion = 1;
	classes = {
	};
	objectVersion = 55;
	objects = {

/* Begin PBXBuildFile section */
		0438623EEE80458D49EACD68 /* Pods_tryingpodsTests.framework in Frameworks */ = {isa = PBXBuildFile; fileRef = 61F73A8D048AB23AB57161EF /* Pods_tryingpodsTests.framework */; };
		0B8E2A42F4C5C108D8C71E62 /* Pods_tryingpods_tryingpodsUITests.framework in Frameworks */ = {isa = PBXBuildFile; fileRef = ED818F3777CCAD1C5845492C /* Pods_tryingpods_tryingpodsUITests.framework */; };
		111CF70D26FC7D630090F0D4 /* File.JSON in Resources */ = {isa = PBXBuildFile; fileRef = 111CF70C26FC7D630090F0D4 /* File.JSON */; };
		117F933726FC677E0062721C /* AppDelegate.swift in Sources */ = {isa = PBXBuildFile; fileRef = 117F933626FC677E0062721C /* AppDelegate.swift */; };
		117F933926FC677E0062721C /* SceneDelegate.swift in Sources */ = {isa = PBXBuildFile; fileRef = 117F933826FC677E0062721C /* SceneDelegate.swift */; };
		117F933B26FC677E0062721C /* ViewController.swift in Sources */ = {isa = PBXBuildFile; fileRef = 117F933A26FC677E0062721C /* ViewController.swift */; };
		117F933E26FC677E0062721C /* Main.storyboard in Resources */ = {isa = PBXBuildFile; fileRef = 117F933C26FC677E0062721C /* Main.storyboard */; };
		117F934026FC67800062721C /* Assets.xcassets in Resources */ = {isa = PBXBuildFile; fileRef = 117F933F26FC67800062721C /* Assets.xcassets */; };
		117F934326FC67800062721C /* LaunchScreen.storyboard in Resources */ = {isa = PBXBuildFile; fileRef = 117F934126FC67800062721C /* LaunchScreen.storyboard */; };
		117F934E26FC67800062721C /* tryingpodsTests.swift in Sources */ = {isa = PBXBuildFile; fileRef = 117F934D26FC67800062721C /* tryingpodsTests.swift */; };
		117F935826FC67800062721C /* tryingpodsUITests.swift in Sources */ = {isa = PBXBuildFile; fileRef = 117F935726FC67800062721C /* tryingpodsUITests.swift */; };
		117F935A26FC67800062721C /* tryingpodsUITestsLaunchTests.swift in Sources */ = {isa = PBXBuildFile; fileRef = 117F935926FC67800062721C /* tryingpodsUITestsLaunchTests.swift */; };
		9E09159344B6AAA5B82D803A /* Pods_tryingpods.framework in Frameworks */ = {isa = PBXBuildFile; fileRef = 27FD2E131827B193C7C3D403 /* Pods_tryingpods.framework */; };
/* End PBXBuildFile section */

/* Begin PBXContainerItemProxy section */
		117F934A26FC67800062721C /* PBXContainerItemProxy */ = {
			isa = PBXContainerItemProxy;
			containerPortal = 117F932B26FC677E0062721C /* Project object */;
			proxyType = 1;
			remoteGlobalIDString = 117F933226FC677E0062721C;
			remoteInfo = tryingpods;
		};
		117F935426FC67800062721C /* PBXContainerItemProxy */ = {
			isa = PBXContainerItemProxy;
			containerPortal = 117F932B26FC677E0062721C /* Project object */;
			proxyType = 1;
			remoteGlobalIDString = 117F933226FC677E0062721C;
			remoteInfo = tryingpods;
		};
/* End PBXContainerItemProxy section */

/* Begin PBXFileReference section */
		111CF70C26FC7D630090F0D4 /* File.JSON */ = {isa = PBXFileReference; lastKnownFileType = text.json; path = File.JSON; sourceTree = "<group>"; };
		117F933326FC677E0062721C /* tryingpods.app */ = {isa = PBXFileReference; explicitFileType = wrapper.application; includeInIndex = 0; path = tryingpods.app; sourceTree = BUILT_PRODUCTS_DIR; };
		117F933626FC677E0062721C /* AppDelegate.swift */ = {isa = PBXFileReference; lastKnownFileType = sourcecode.swift; path = AppDelegate.swift; sourceTree = "<group>"; };
		117F933826FC677E0062721C /* SceneDelegate.swift */ = {isa = PBXFileReference; lastKnownFileType = sourcecode.swift; path = SceneDelegate.swift; sourceTree = "<group>"; };
		117F933A26FC677E0062721C /* ViewController.swift */ = {isa = PBXFileReference; lastKnownFileType = sourcecode.swift; path = ViewController.swift; sourceTree = "<group>"; };
		117F933D26FC677E0062721C /* Base */ = {isa = PBXFileReference; lastKnownFileType = file.storyboard; name = Base; path = Base.lproj/Main.storyboard; sourceTree = "<group>"; };
		117F933F26FC67800062721C /* Assets.xcassets */ = {isa = PBXFileReference; lastKnownFileType = folder.assetcatalog; path = Assets.xcassets; sourceTree = "<group>"; };
		117F934226FC67800062721C /* Base */ = {isa = PBXFileReference; lastKnownFileType = file.storyboard; name = Base; path = Base.lproj/LaunchScreen.storyboard; sourceTree = "<group>"; };
		117F934426FC67800062721C /* Info.plist */ = {isa = PBXFileReference; lastKnownFileType = text.plist.xml; path = Info.plist; sourceTree = "<group>"; };
		117F934926FC67800062721C /* tryingpodsTests.xctest */ = {isa = PBXFileReference; explicitFileType = wrapper.cfbundle; includeInIndex = 0; path = tryingpodsTests.xctest; sourceTree = BUILT_PRODUCTS_DIR; };
		117F934D26FC67800062721C /* tryingpodsTests.swift */ = {isa = PBXFileReference; lastKnownFileType = sourcecode.swift; path = tryingpodsTests.swift; sourceTree = "<group>"; };
		117F935326FC67800062721C /* tryingpodsUITests.xctest */ = {isa = PBXFileReference; explicitFileType = wrapper.cfbundle; includeInIndex = 0; path = tryingpodsUITests.xctest; sourceTree = BUILT_PRODUCTS_DIR; };
		117F935726FC67800062721C /* tryingpodsUITests.swift */ = {isa = PBXFileReference; lastKnownFileType = sourcecode.swift; path = tryingpodsUITests.swift; sourceTree = "<group>"; };
		117F935926FC67800062721C /* tryingpodsUITestsLaunchTests.swift */ = {isa = PBXFileReference; lastKnownFileType = sourcecode.swift; path = tryingpodsUITestsLaunchTests.swift; sourceTree = "<group>"; };
		24BE75BF666E49D1ECC38FD4 /* Pods-tryingpodsTests.release.xcconfig */ = {isa = PBXFileReference; includeInIndex = 1; lastKnownFileType = text.xcconfig; name = "Pods-tryingpodsTests.release.xcconfig"; path = "Target Support Files/Pods-tryingpodsTests/Pods-tryingpodsTests.release.xcconfig"; sourceTree = "<group>"; };
		27FD2E131827B193C7C3D403 /* Pods_tryingpods.framework */ = {isa = PBXFileReference; explicitFileType = wrapper.framework; includeInIndex = 0; path = Pods_tryingpods.framework; sourceTree = BUILT_PRODUCTS_DIR; };
		61F73A8D048AB23AB57161EF /* Pods_tryingpodsTests.framework */ = {isa = PBXFileReference; explicitFileType = wrapper.framework; includeInIndex = 0; path = Pods_tryingpodsTests.framework; sourceTree = BUILT_PRODUCTS_DIR; };
		71B63AD3DBFB59DD47499A4A /* Pods-tryingpods-tryingpodsUITests.debug.xcconfig */ = {isa = PBXFileReference; includeInIndex = 1; lastKnownFileType = text.xcconfig; name = "Pods-tryingpods-tryingpodsUITests.debug.xcconfig"; path = "Target Support Files/Pods-tryingpods-tryingpodsUITests/Pods-tryingpods-tryingpodsUITests.debug.xcconfig"; sourceTree = "<group>"; };
		965D3347E36C3C6DD60EB16D /* Pods-tryingpods.debug.xcconfig */ = {isa = PBXFileReference; includeInIndex = 1; lastKnownFileType = text.xcconfig; name = "Pods-tryingpods.debug.xcconfig"; path = "Target Support Files/Pods-tryingpods/Pods-tryingpods.debug.xcconfig"; sourceTree = "<group>"; };
		AFE9828F8643A8B33240C4F7 /* Pods-tryingpodsTests.debug.xcconfig */ = {isa = PBXFileReference; includeInIndex = 1; lastKnownFileType = text.xcconfig; name = "Pods-tryingpodsTests.debug.xcconfig"; path = "Target Support Files/Pods-tryingpodsTests/Pods-tryingpodsTests.debug.xcconfig"; sourceTree = "<group>"; };
		B50853B4BAE0600159F2D913 /* Pods-tryingpods.release.xcconfig */ = {isa = PBXFileReference; includeInIndex = 1; lastKnownFileType = text.xcconfig; name = "Pods-tryingpods.release.xcconfig"; path = "Target Support Files/Pods-tryingpods/Pods-tryingpods.release.xcconfig"; sourceTree = "<group>"; };
		E1BCA677A02161C84D68D4AC /* Pods-tryingpods-tryingpodsUITests.release.xcconfig */ = {isa = PBXFileReference; includeInIndex = 1; lastKnownFileType = text.xcconfig; name = "Pods-tryingpods-tryingpodsUITests.release.xcconfig"; path = "Target Support Files/Pods-tryingpods-tryingpodsUITests/Pods-tryingpods-tryingpodsUITests.release.xcconfig"; sourceTree = "<group>"; };
		ED818F3777CCAD1C5845492C /* Pods_tryingpods_tryingpodsUITests.framework */ = {isa = PBXFileReference; explicitFileType = wrapper.framework; includeInIndex = 0; path = Pods_tryingpods_tryingpodsUITests.framework; sourceTree = BUILT_PRODUCTS_DIR; };
/* End PBXFileReference section */

/* Begin PBXFrameworksBuildPhase section */
		117F933026FC677E0062721C /* Frameworks */ = {
			isa = PBXFrameworksBuildPhase;
			buildActionMask = 2147483647;
			files = (
				9E09159344B6AAA5B82D803A /* Pods_tryingpods.framework in Frameworks */,
			);
			runOnlyForDeploymentPostprocessing = 0;
		};
		117F934626FC67800062721C /* Frameworks */ = {
			isa = PBXFrameworksBuildPhase;
			buildActionMask = 2147483647;
			files = (
				0438623EEE80458D49EACD68 /* Pods_tryingpodsTests.framework in Frameworks */,
			);
			runOnlyForDeploymentPostprocessing = 0;
		};
		117F935026FC67800062721C /* Frameworks */ = {
			isa = PBXFrameworksBuildPhase;
			buildActionMask = 2147483647;
			files = (
				0B8E2A42F4C5C108D8C71E62 /* Pods_tryingpods_tryingpodsUITests.framework in Frameworks */,
			);
			runOnlyForDeploymentPostprocessing = 0;
		};
/* End PBXFrameworksBuildPhase section */

/* Begin PBXGroup section */
		117F932A26FC677E0062721C = {
			isa = PBXGroup;
			children = (
				111CF70C26FC7D630090F0D4 /* File.JSON */,
				117F933526FC677E0062721C /* tryingpods */,
				117F934C26FC67800062721C /* tryingpodsTests */,
				117F935626FC67800062721C /* tryingpodsUITests */,
				117F933426FC677E0062721C /* Products */,
				FEB47587B2AAC5DAE76D8E24 /* Pods */,
				FD7A73CC580F0AE5093BAFC5 /* Frameworks */,
			);
			sourceTree = "<group>";
		};
		117F933426FC677E0062721C /* Products */ = {
			isa = PBXGroup;
			children = (
				117F933326FC677E0062721C /* tryingpods.app */,
				117F934926FC67800062721C /* tryingpodsTests.xctest */,
				117F935326FC67800062721C /* tryingpodsUITests.xctest */,
			);
			name = Products;
			sourceTree = "<group>";
		};
		117F933526FC677E0062721C /* tryingpods */ = {
			isa = PBXGroup;
			children = (
				117F933626FC677E0062721C /* AppDelegate.swift */,
				117F933826FC677E0062721C /* SceneDelegate.swift */,
				117F933A26FC677E0062721C /* ViewController.swift */,
				117F933C26FC677E0062721C /* Main.storyboard */,
				117F933F26FC67800062721C /* Assets.xcassets */,
				117F934126FC67800062721C /* LaunchScreen.storyboard */,
				117F934426FC67800062721C /* Info.plist */,
			);
			path = tryingpods;
			sourceTree = "<group>";
		};
		117F934C26FC67800062721C /* tryingpodsTests */ = {
			isa = PBXGroup;
			children = (
				117F934D26FC67800062721C /* tryingpodsTests.swift */,
			);
			path = tryingpodsTests;
			sourceTree = "<group>";
		};
		117F935626FC67800062721C /* tryingpodsUITests */ = {
			isa = PBXGroup;
			children = (
				117F935726FC67800062721C /* tryingpodsUITests.swift */,
				117F935926FC67800062721C /* tryingpodsUITestsLaunchTests.swift */,
			);
			path = tryingpodsUITests;
			sourceTree = "<group>";
		};
		FD7A73CC580F0AE5093BAFC5 /* Frameworks */ = {
			isa = PBXGroup;
			children = (
				27FD2E131827B193C7C3D403 /* Pods_tryingpods.framework */,
				ED818F3777CCAD1C5845492C /* Pods_tryingpods_tryingpodsUITests.framework */,
				61F73A8D048AB23AB57161EF /* Pods_tryingpodsTests.framework */,
			);
			name = Frameworks;
			sourceTree = "<group>";
		};
		FEB47587B2AAC5DAE76D8E24 /* Pods */ = {
			isa = PBXGroup;
			children = (
				965D3347E36C3C6DD60EB16D /* Pods-tryingpods.debug.xcconfig */,
				B50853B4BAE0600159F2D913 /* Pods-tryingpods.release.xcconfig */,
				71B63AD3DBFB59DD47499A4A /* Pods-tryingpods-tryingpodsUITests.debug.xcconfig */,
				E1BCA677A02161C84D68D4AC /* Pods-tryingpods-tryingpodsUITests.release.xcconfig */,
				AFE9828F8643A8B33240C4F7 /* Pods-tryingpodsTests.debug.xcconfig */,
				24BE75BF666E49D1ECC38FD4 /* Pods-tryingpodsTests.release.xcconfig */,
			);
			path = Pods;
			sourceTree = "<group>";
		};
/* End PBXGroup section */

/* Begin PBXNativeTarget section */
		117F933226FC677E0062721C /* tryingpods */ = {
			isa = PBXNativeTarget;
			buildConfigurationList = 117F935D26FC67800062721C /* Build configuration list for PBXNativeTarget "tryingpods" */;
			buildPhases = (
				96B152BEE7AB3ABD7F79C813 /* [CP] Check Pods Manifest.lock */,
				117F932F26FC677E0062721C /* Sources */,
				117F933026FC677E0062721C /* Frameworks */,
				117F933126FC677E0062721C /* Resources */,
				04C294F1BC9B4F2F05C86BC7 /* [CP] Embed Pods Frameworks */,
			);
			buildRules = (
			);
			dependencies = (
			);
			name = tryingpods;
			productName = tryingpods;
			productReference = 117F933326FC677E0062721C /* tryingpods.app */;
			productType = "com.apple.product-type.application";
		};
		117F934826FC67800062721C /* tryingpodsTests */ = {
			isa = PBXNativeTarget;
			buildConfigurationList = 117F936026FC67800062721C /* Build configuration list for PBXNativeTarget "tryingpodsTests" */;
			buildPhases = (
				357FCDF5832E583129DE6305 /* [CP] Check Pods Manifest.lock */,
				117F934526FC67800062721C /* Sources */,
				117F934626FC67800062721C /* Frameworks */,
				117F934726FC67800062721C /* Resources */,
			);
			buildRules = (
			);
			dependencies = (
				117F934B26FC67800062721C /* PBXTargetDependency */,
			);
			name = tryingpodsTests;
			productName = tryingpodsTests;
			productReference = 117F934926FC67800062721C /* tryingpodsTests.xctest */;
			productType = "com.apple.product-type.bundle.unit-test";
		};
		117F935226FC67800062721C /* tryingpodsUITests */ = {
			isa = PBXNativeTarget;
			buildConfigurationList = 117F936326FC67800062721C /* Build configuration list for PBXNativeTarget "tryingpodsUITests" */;
			buildPhases = (
				F8A17AFCDF586F1463A3CD35 /* [CP] Check Pods Manifest.lock */,
				117F934F26FC67800062721C /* Sources */,
				117F935026FC67800062721C /* Frameworks */,
				117F935126FC67800062721C /* Resources */,
				0A3A536017BDBD3E9F493A29 /* [CP] Embed Pods Frameworks */,
			);
			buildRules = (
			);
			dependencies = (
				117F935526FC67800062721C /* PBXTargetDependency */,
			);
			name = tryingpodsUITests;
			productName = tryingpodsUITests;
			productReference = 117F935326FC67800062721C /* tryingpodsUITests.xctest */;
			productType = "com.apple.product-type.bundle.ui-testing";
		};
/* End PBXNativeTarget section */

/* Begin PBXProject section */
		117F932B26FC677E0062721C /* Project object */ = {
			isa = PBXProject;
			attributes = {
				BuildIndependentTargetsInParallel = 1;
				LastSwiftUpdateCheck = 1300;
				LastUpgradeCheck = 1300;
				TargetAttributes = {
					117F933226FC677E0062721C = {
						CreatedOnToolsVersion = 13.0;
					};
					117F934826FC67800062721C = {
						CreatedOnToolsVersion = 13.0;
						TestTargetID = 117F933226FC677E0062721C;
					};
					117F935226FC67800062721C = {
						CreatedOnToolsVersion = 13.0;
						TestTargetID = 117F933226FC677E0062721C;
					};
				};
			};
			buildConfigurationList = 117F932E26FC677E0062721C /* Build configuration list for PBXProject "tryingpods" */;
			compatibilityVersion = "Xcode 13.0";
			developmentRegion = en;
			hasScannedForEncodings = 0;
			knownRegions = (
				en,
				Base,
			);
			mainGroup = 117F932A26FC677E0062721C;
			productRefGroup = 117F933426FC677E0062721C /* Products */;
			projectDirPath = "";
			projectRoot = "";
			targets = (
				117F933226FC677E0062721C /* tryingpods */,
				117F934826FC67800062721C /* tryingpodsTests */,
				117F935226FC67800062721C /* tryingpodsUITests */,
			);
		};
/* End PBXProject section */

/* Begin PBXResourcesBuildPhase section */
		117F933126FC677E0062721C /* Resources */ = {
			isa = PBXResourcesBuildPhase;
			buildActionMask = 2147483647;
			files = (
				117F934326FC67800062721C /* LaunchScreen.storyboard in Resources */,
				111CF70D26FC7D630090F0D4 /* File.JSON in Resources */,
				117F934026FC67800062721C /* Assets.xcassets in Resources */,
				117F933E26FC677E0062721C /* Main.storyboard in Resources */,
			);
			runOnlyForDeploymentPostprocessing = 0;
		};
		117F934726FC67800062721C /* Resources */ = {
			isa = PBXResourcesBuildPhase;
			buildActionMask = 2147483647;
			files = (
			);
			runOnlyForDeploymentPostprocessing = 0;
		};
		117F935126FC67800062721C /* Resources */ = {
			isa = PBXResourcesBuildPhase;
			buildActionMask = 2147483647;
			files = (
			);
			runOnlyForDeploymentPostprocessing = 0;
		};
/* End PBXResourcesBuildPhase section */

/* Begin PBXShellScriptBuildPhase section */
		04C294F1BC9B4F2F05C86BC7 /* [CP] Embed Pods Frameworks */ = {
			isa = PBXShellScriptBuildPhase;
			buildActionMask = 2147483647;
			files = (
			);
			inputFileListPaths = (
				"${PODS_ROOT}/Target Support Files/Pods-tryingpods/Pods-tryingpods-frameworks-${CONFIGURATION}-input-files.xcfilelist",
			);
			name = "[CP] Embed Pods Frameworks";
			outputFileListPaths = (
				"${PODS_ROOT}/Target Support Files/Pods-tryingpods/Pods-tryingpods-frameworks-${CONFIGURATION}-output-files.xcfilelist",
			);
			runOnlyForDeploymentPostprocessing = 0;
			shellPath = /bin/sh;
			shellScript = "\"${PODS_ROOT}/Target Support Files/Pods-tryingpods/Pods-tryingpods-frameworks.sh\"\n";
			showEnvVarsInLog = 0;
		};
		0A3A536017BDBD3E9F493A29 /* [CP] Embed Pods Frameworks */ = {
			isa = PBXShellScriptBuildPhase;
			buildActionMask = 2147483647;
			files = (
			);
			inputFileListPaths = (
				"${PODS_ROOT}/Target Support Files/Pods-tryingpods-tryingpodsUITests/Pods-tryingpods-tryingpodsUITests-frameworks-${CONFIGURATION}-input-files.xcfilelist",
			);
			name = "[CP] Embed Pods Frameworks";
			outputFileListPaths = (
				"${PODS_ROOT}/Target Support Files/Pods-tryingpods-tryingpodsUITests/Pods-tryingpods-tryingpodsUITests-frameworks-${CONFIGURATION}-output-files.xcfilelist",
			);
			runOnlyForDeploymentPostprocessing = 0;
			shellPath = /bin/sh;
			shellScript = "\"${PODS_ROOT}/Target Support Files/Pods-tryingpods-tryingpodsUITests/Pods-tryingpods-tryingpodsUITests-frameworks.sh\"\n";
			showEnvVarsInLog = 0;
		};
		357FCDF5832E583129DE6305 /* [CP] Check Pods Manifest.lock */ = {
			isa = PBXShellScriptBuildPhase;
			buildActionMask = 2147483647;
			files = (
			);
			inputFileListPaths = (
			);
			inputPaths = (
				"${PODS_PODFILE_DIR_PATH}/Podfile.lock",
				"${PODS_ROOT}/Manifest.lock",
			);
			name = "[CP] Check Pods Manifest.lock";
			outputFileListPaths = (
			);
			outputPaths = (
				"$(DERIVED_FILE_DIR)/Pods-tryingpodsTests-checkManifestLockResult.txt",
			);
			runOnlyForDeploymentPostprocessing = 0;
			shellPath = /bin/sh;
			shellScript = "diff \"${PODS_PODFILE_DIR_PATH}/Podfile.lock\" \"${PODS_ROOT}/Manifest.lock\" > /dev/null\nif [ $? != 0 ] ; then\n    # print error to STDERR\n    echo \"error: The sandbox is not in sync with the Podfile.lock. Run 'pod install' or update your CocoaPods installation.\" >&2\n    exit 1\nfi\n# This output is used by Xcode 'outputs' to avoid re-running this script phase.\necho \"SUCCESS\" > \"${SCRIPT_OUTPUT_FILE_0}\"\n";
			showEnvVarsInLog = 0;
		};
		96B152BEE7AB3ABD7F79C813 /* [CP] Check Pods Manifest.lock */ = {
			isa = PBXShellScriptBuildPhase;
			buildActionMask = 2147483647;
			files = (
			);
			inputFileListPaths = (
			);
			inputPaths = (
				"${PODS_PODFILE_DIR_PATH}/Podfile.lock",
				"${PODS_ROOT}/Manifest.lock",
			);
			name = "[CP] Check Pods Manifest.lock";
			outputFileListPaths = (
			);
			outputPaths = (
				"$(DERIVED_FILE_DIR)/Pods-tryingpods-checkManifestLockResult.txt",
			);
			runOnlyForDeploymentPostprocessing = 0;
			shellPath = /bin/sh;
			shellScript = "diff \"${PODS_PODFILE_DIR_PATH}/Podfile.lock\" \"${PODS_ROOT}/Manifest.lock\" > /dev/null\nif [ $? != 0 ] ; then\n    # print error to STDERR\n    echo \"error: The sandbox is not in sync with the Podfile.lock. Run 'pod install' or update your CocoaPods installation.\" >&2\n    exit 1\nfi\n# This output is used by Xcode 'outputs' to avoid re-running this script phase.\necho \"SUCCESS\" > \"${SCRIPT_OUTPUT_FILE_0}\"\n";
			showEnvVarsInLog = 0;
		};
		F8A17AFCDF586F1463A3CD35 /* [CP] Check Pods Manifest.lock */ = {
			isa = PBXShellScriptBuildPhase;
			buildActionMask = 2147483647;
			files = (
			);
			inputFileListPaths = (
			);
			inputPaths = (
				"${PODS_PODFILE_DIR_PATH}/Podfile.lock",
				"${PODS_ROOT}/Manifest.lock",
			);
			name = "[CP] Check Pods Manifest.lock";
			outputFileListPaths = (
			);
			outputPaths = (
				"$(DERIVED_FILE_DIR)/Pods-tryingpods-tryingpodsUITests-checkManifestLockResult.txt",
			);
			runOnlyForDeploymentPostprocessing = 0;
			shellPath = /bin/sh;
			shellScript = "diff \"${PODS_PODFILE_DIR_PATH}/Podfile.lock\" \"${PODS_ROOT}/Manifest.lock\" > /dev/null\nif [ $? != 0 ] ; then\n    # print error to STDERR\n    echo \"error: The sandbox is not in sync with the Podfile.lock. Run 'pod install' or update your CocoaPods installation.\" >&2\n    exit 1\nfi\n# This output is used by Xcode 'outputs' to avoid re-running this script phase.\necho \"SUCCESS\" > \"${SCRIPT_OUTPUT_FILE_0}\"\n";
			showEnvVarsInLog = 0;
		};
/* End PBXShellScriptBuildPhase section */

/* Begin PBXSourcesBuildPhase section */
		117F932F26FC677E0062721C /* Sources */ = {
			isa = PBXSourcesBuildPhase;
			buildActionMask = 2147483647;
			files = (
				117F933B26FC677E0062721C /* ViewController.swift in Sources */,
				117F933726FC677E0062721C /* AppDelegate.swift in Sources */,
				117F933926FC677E0062721C /* SceneDelegate.swift in Sources */,
			);
			runOnlyForDeploymentPostprocessing = 0;
		};
		117F934526FC67800062721C /* Sources */ = {
			isa = PBXSourcesBuildPhase;
			buildActionMask = 2147483647;
			files = (
				117F934E26FC67800062721C /* tryingpodsTests.swift in Sources */,
			);
			runOnlyForDeploymentPostprocessing = 0;
		};
		117F934F26FC67800062721C /* Sources */ = {
			isa = PBXSourcesBuildPhase;
			buildActionMask = 2147483647;
			files = (
				117F935826FC67800062721C /* tryingpodsUITests.swift in Sources */,
				117F935A26FC67800062721C /* tryingpodsUITestsLaunchTests.swift in Sources */,
			);
			runOnlyForDeploymentPostprocessing = 0;
		};
/* End PBXSourcesBuildPhase section */

/* Begin PBXTargetDependency section */
		117F934B26FC67800062721C /* PBXTargetDependency */ = {
			isa = PBXTargetDependency;
			target = 117F933226FC677E0062721C /* tryingpods */;
			targetProxy = 117F934A26FC67800062721C /* PBXContainerItemProxy */;
		};
		117F935526FC67800062721C /* PBXTargetDependency */ = {
			isa = PBXTargetDependency;
			target = 117F933226FC677E0062721C /* tryingpods */;
			targetProxy = 117F935426FC67800062721C /* PBXContainerItemProxy */;
		};
/* End PBXTargetDependency section */

/* Begin PBXVariantGroup section */
		117F933C26FC677E0062721C /* Main.storyboard */ = {
			isa = PBXVariantGroup;
			children = (
				117F933D26FC677E0062721C /* Base */,
			);
			name = Main.storyboard;
			sourceTree = "<group>";
		};
		117F934126FC67800062721C /* LaunchScreen.storyboard */ = {
			isa = PBXVariantGroup;
			children = (
				117F934226FC67800062721C /* Base */,
			);
			name = LaunchScreen.storyboard;
			sourceTree = "<group>";
		};
/* End PBXVariantGroup section */

/* Begin XCBuildConfiguration section */
		117F935B26FC67800062721C /* Debug */ = {
			isa = XCBuildConfiguration;
			buildSettings = {
				ALWAYS_SEARCH_USER_PATHS = NO;
				CLANG_ANALYZER_NONNULL = YES;
				CLANG_ANALYZER_NUMBER_OBJECT_CONVERSION = YES_AGGRESSIVE;
				CLANG_CXX_LANGUAGE_STANDARD = "gnu++17";
				CLANG_CXX_LIBRARY = "libc++";
				CLANG_ENABLE_MODULES = YES;
				CLANG_ENABLE_OBJC_ARC = YES;
				CLANG_ENABLE_OBJC_WEAK = YES;
				CLANG_WARN_BLOCK_CAPTURE_AUTORELEASING = YES;
				CLANG_WARN_BOOL_CONVERSION = YES;
				CLANG_WARN_COMMA = YES;
				CLANG_WARN_CONSTANT_CONVERSION = YES;
				CLANG_WARN_DEPRECATED_OBJC_IMPLEMENTATIONS = YES;
				CLANG_WARN_DIRECT_OBJC_ISA_USAGE = YES_ERROR;
				CLANG_WARN_DOCUMENTATION_COMMENTS = YES;
				CLANG_WARN_EMPTY_BODY = YES;
				CLANG_WARN_ENUM_CONVERSION = YES;
				CLANG_WARN_INFINITE_RECURSION = YES;
				CLANG_WARN_INT_CONVERSION = YES;
				CLANG_WARN_NON_LITERAL_NULL_CONVERSION = YES;
				CLANG_WARN_OBJC_IMPLICIT_RETAIN_SELF = YES;
				CLANG_WARN_OBJC_LITERAL_CONVERSION = YES;
				CLANG_WARN_OBJC_ROOT_CLASS = YES_ERROR;
				CLANG_WARN_QUOTED_INCLUDE_IN_FRAMEWORK_HEADER = YES;
				CLANG_WARN_RANGE_LOOP_ANALYSIS = YES;
				CLANG_WARN_STRICT_PROTOTYPES = YES;
				CLANG_WARN_SUSPICIOUS_MOVE = YES;
				CLANG_WARN_UNGUARDED_AVAILABILITY = YES_AGGRESSIVE;
				CLANG_WARN_UNREACHABLE_CODE = YES;
				CLANG_WARN__DUPLICATE_METHOD_MATCH = YES;
				COPY_PHASE_STRIP = NO;
				DEBUG_INFORMATION_FORMAT = dwarf;
				ENABLE_STRICT_OBJC_MSGSEND = YES;
				ENABLE_TESTABILITY = YES;
				GCC_C_LANGUAGE_STANDARD = gnu11;
				GCC_DYNAMIC_NO_PIC = NO;
				GCC_NO_COMMON_BLOCKS = YES;
				GCC_OPTIMIZATION_LEVEL = 0;
				GCC_PREPROCESSOR_DEFINITIONS = (
					"DEBUG=1",
					"$(inherited)",
				);
				GCC_WARN_64_TO_32_BIT_CONVERSION = YES;
				GCC_WARN_ABOUT_RETURN_TYPE = YES_ERROR;
				GCC_WARN_UNDECLARED_SELECTOR = YES;
				GCC_WARN_UNINITIALIZED_AUTOS = YES_AGGRESSIVE;
				GCC_WARN_UNUSED_FUNCTION = YES;
				GCC_WARN_UNUSED_VARIABLE = YES;
				IPHONEOS_DEPLOYMENT_TARGET = 15.0;
				MTL_ENABLE_DEBUG_INFO = INCLUDE_SOURCE;
				MTL_FAST_MATH = YES;
				ONLY_ACTIVE_ARCH = YES;
				SDKROOT = iphoneos;
				SWIFT_ACTIVE_COMPILATION_CONDITIONS = DEBUG;
				SWIFT_OPTIMIZATION_LEVEL = "-Onone";
			};
			name = Debug;
		};
		117F935C26FC67800062721C /* Release */ = {
			isa = XCBuildConfiguration;
			buildSettings = {
				ALWAYS_SEARCH_USER_PATHS = NO;
				CLANG_ANALYZER_NONNULL = YES;
				CLANG_ANALYZER_NUMBER_OBJECT_CONVERSION = YES_AGGRESSIVE;
				CLANG_CXX_LANGUAGE_STANDARD = "gnu++17";
				CLANG_CXX_LIBRARY = "libc++";
				CLANG_ENABLE_MODULES = YES;
				CLANG_ENABLE_OBJC_ARC = YES;
				CLANG_ENABLE_OBJC_WEAK = YES;
				CLANG_WARN_BLOCK_CAPTURE_AUTORELEASING = YES;
				CLANG_WARN_BOOL_CONVERSION = YES;
				CLANG_WARN_COMMA = YES;
				CLANG_WARN_CONSTANT_CONVERSION = YES;
				CLANG_WARN_DEPRECATED_OBJC_IMPLEMENTATIONS = YES;
				CLANG_WARN_DIRECT_OBJC_ISA_USAGE = YES_ERROR;
				CLANG_WARN_DOCUMENTATION_COMMENTS = YES;
				CLANG_WARN_EMPTY_BODY = YES;
				CLANG_WARN_ENUM_CONVERSION = YES;
				CLANG_WARN_INFINITE_RECURSION = YES;
				CLANG_WARN_INT_CONVERSION = YES;
				CLANG_WARN_NON_LITERAL_NULL_CONVERSION = YES;
				CLANG_WARN_OBJC_IMPLICIT_RETAIN_SELF = YES;
				CLANG_WARN_OBJC_LITERAL_CONVERSION = YES;
				CLANG_WARN_OBJC_ROOT_CLASS = YES_ERROR;
				CLANG_WARN_QUOTED_INCLUDE_IN_FRAMEWORK_HEADER = YES;
				CLANG_WARN_RANGE_LOOP_ANALYSIS = YES;
				CLANG_WARN_STRICT_PROTOTYPES = YES;
				CLANG_WARN_SUSPICIOUS_MOVE = YES;
				CLANG_WARN_UNGUARDED_AVAILABILITY = YES_AGGRESSIVE;
				CLANG_WARN_UNREACHABLE_CODE = YES;
				CLANG_WARN__DUPLICATE_METHOD_MATCH = YES;
				COPY_PHASE_STRIP = NO;
				DEBUG_INFORMATION_FORMAT = "dwarf-with-dsym";
				ENABLE_NS_ASSERTIONS = NO;
				ENABLE_STRICT_OBJC_MSGSEND = YES;
				GCC_C_LANGUAGE_STANDARD = gnu11;
				GCC_NO_COMMON_BLOCKS = YES;
				GCC_WARN_64_TO_32_BIT_CONVERSION = YES;
				GCC_WARN_ABOUT_RETURN_TYPE = YES_ERROR;
				GCC_WARN_UNDECLARED_SELECTOR = YES;
				GCC_WARN_UNINITIALIZED_AUTOS = YES_AGGRESSIVE;
				GCC_WARN_UNUSED_FUNCTION = YES;
				GCC_WARN_UNUSED_VARIABLE = YES;
				IPHONEOS_DEPLOYMENT_TARGET = 15.0;
				MTL_ENABLE_DEBUG_INFO = NO;
				MTL_FAST_MATH = YES;
				SDKROOT = iphoneos;
				SWIFT_COMPILATION_MODE = wholemodule;
				SWIFT_OPTIMIZATION_LEVEL = "-O";
				VALIDATE_PRODUCT = YES;
			};
			name = Release;
		};
		117F935E26FC67800062721C /* Debug */ = {
			isa = XCBuildConfiguration;
			baseConfigurationReference = 965D3347E36C3C6DD60EB16D /* Pods-tryingpods.debug.xcconfig */;
			buildSettings = {
				ASSETCATALOG_COMPILER_APPICON_NAME = AppIcon;
				ASSETCATALOG_COMPILER_GLOBAL_ACCENT_COLOR_NAME = AccentColor;
				CODE_SIGN_STYLE = Automatic;
				CURRENT_PROJECT_VERSION = 1;
				DEVELOPMENT_TEAM = FTFC3KJW65;
				GENERATE_INFOPLIST_FILE = YES;
				INFOPLIST_FILE = tryingpods/Info.plist;
				INFOPLIST_KEY_UIApplicationSupportsIndirectInputEvents = YES;
				INFOPLIST_KEY_UILaunchStoryboardName = LaunchScreen;
				INFOPLIST_KEY_UIMainStoryboardFile = Main;
				INFOPLIST_KEY_UISupportedInterfaceOrientations_iPad = "UIInterfaceOrientationPortrait UIInterfaceOrientationPortraitUpsideDown UIInterfaceOrientationLandscapeLeft UIInterfaceOrientationLandscapeRight";
				INFOPLIST_KEY_UISupportedInterfaceOrientations_iPhone = "UIInterfaceOrientationPortrait UIInterfaceOrientationLandscapeLeft UIInterfaceOrientationLandscapeRight";
				LD_RUNPATH_SEARCH_PATHS = (
					"$(inherited)",
					"@executable_path/Frameworks",
				);
				MARKETING_VERSION = 1.0;
				PRODUCT_BUNDLE_IDENTIFIER = malmoYH.tryingpods;
				PRODUCT_NAME = "$(TARGET_NAME)";
				SWIFT_EMIT_LOC_STRINGS = YES;
				SWIFT_VERSION = 5.0;
				TARGETED_DEVICE_FAMILY = "1,2";
			};
			name = Debug;
		};
		117F935F26FC67800062721C /* Release */ = {
			isa = XCBuildConfiguration;
			baseConfigurationReference = B50853B4BAE0600159F2D913 /* Pods-tryingpods.release.xcconfig */;
			buildSettings = {
				ASSETCATALOG_COMPILER_APPICON_NAME = AppIcon;
				ASSETCATALOG_COMPILER_GLOBAL_ACCENT_COLOR_NAME = AccentColor;
				CODE_SIGN_STYLE = Automatic;
				CURRENT_PROJECT_VERSION = 1;
				DEVELOPMENT_TEAM = FTFC3KJW65;
				GENERATE_INFOPLIST_FILE = YES;
				INFOPLIST_FILE = tryingpods/Info.plist;
				INFOPLIST_KEY_UIApplicationSupportsIndirectInputEvents = YES;
				INFOPLIST_KEY_UILaunchStoryboardName = LaunchScreen;
				INFOPLIST_KEY_UIMainStoryboardFile = Main;
				INFOPLIST_KEY_UISupportedInterfaceOrientations_iPad = "UIInterfaceOrientationPortrait UIInterfaceOrientationPortraitUpsideDown UIInterfaceOrientationLandscapeLeft UIInterfaceOrientationLandscapeRight";
				INFOPLIST_KEY_UISupportedInterfaceOrientations_iPhone = "UIInterfaceOrientationPortrait UIInterfaceOrientationLandscapeLeft UIInterfaceOrientationLandscapeRight";
				LD_RUNPATH_SEARCH_PATHS = (
					"$(inherited)",
					"@executable_path/Frameworks",
				);
				MARKETING_VERSION = 1.0;
				PRODUCT_BUNDLE_IDENTIFIER = malmoYH.tryingpods;
				PRODUCT_NAME = "$(TARGET_NAME)";
				SWIFT_EMIT_LOC_STRINGS = YES;
				SWIFT_VERSION = 5.0;
				TARGETED_DEVICE_FAMILY = "1,2";
			};
			name = Release;
		};
		117F936126FC67800062721C /* Debug */ = {
			isa = XCBuildConfiguration;
			baseConfigurationReference = AFE9828F8643A8B33240C4F7 /* Pods-tryingpodsTests.debug.xcconfig */;
			buildSettings = {
				ALWAYS_EMBED_SWIFT_STANDARD_LIBRARIES = YES;
				BUNDLE_LOADER = "$(TEST_HOST)";
				CODE_SIGN_STYLE = Automatic;
				CURRENT_PROJECT_VERSION = 1;
				DEVELOPMENT_TEAM = FTFC3KJW65;
				GENERATE_INFOPLIST_FILE = YES;
				IPHONEOS_DEPLOYMENT_TARGET = 15.0;
				LD_RUNPATH_SEARCH_PATHS = (
					"$(inherited)",
					"@executable_path/Frameworks",
					"@loader_path/Frameworks",
				);
				MARKETING_VERSION = 1.0;
				PRODUCT_BUNDLE_IDENTIFIER = malmoYH.tryingpodsTests;
				PRODUCT_NAME = "$(TARGET_NAME)";
				SWIFT_EMIT_LOC_STRINGS = NO;
				SWIFT_VERSION = 5.0;
				TARGETED_DEVICE_FAMILY = "1,2";
				TEST_HOST = "$(BUILT_PRODUCTS_DIR)/tryingpods.app/tryingpods";
			};
			name = Debug;
		};
		117F936226FC67800062721C /* Release */ = {
			isa = XCBuildConfiguration;
			baseConfigurationReference = 24BE75BF666E49D1ECC38FD4 /* Pods-tryingpodsTests.release.xcconfig */;
			buildSettings = {
				ALWAYS_EMBED_SWIFT_STANDARD_LIBRARIES = YES;
				BUNDLE_LOADER = "$(TEST_HOST)";
				CODE_SIGN_STYLE = Automatic;
				CURRENT_PROJECT_VERSION = 1;
				DEVELOPMENT_TEAM = FTFC3KJW65;
				GENERATE_INFOPLIST_FILE = YES;
				IPHONEOS_DEPLOYMENT_TARGET = 15.0;
				LD_RUNPATH_SEARCH_PATHS = (
					"$(inherited)",
					"@executable_path/Frameworks",
					"@loader_path/Frameworks",
				);
				MARKETING_VERSION = 1.0;
				PRODUCT_BUNDLE_IDENTIFIER = malmoYH.tryingpodsTests;
				PRODUCT_NAME = "$(TARGET_NAME)";
				SWIFT_EMIT_LOC_STRINGS = NO;
				SWIFT_VERSION = 5.0;
				TARGETED_DEVICE_FAMILY = "1,2";
				TEST_HOST = "$(BUILT_PRODUCTS_DIR)/tryingpods.app/tryingpods";
			};
			name = Release;
		};
		117F936426FC67800062721C /* Debug */ = {
			isa = XCBuildConfiguration;
			baseConfigurationReference = 71B63AD3DBFB59DD47499A4A /* Pods-tryingpods-tryingpodsUITests.debug.xcconfig */;
			buildSettings = {
				ALWAYS_EMBED_SWIFT_STANDARD_LIBRARIES = YES;
				CODE_SIGN_STYLE = Automatic;
				CURRENT_PROJECT_VERSION = 1;
				DEVELOPMENT_TEAM = FTFC3KJW65;
				GENERATE_INFOPLIST_FILE = YES;
				LD_RUNPATH_SEARCH_PATHS = (
					"$(inherited)",
					"@executable_path/Frameworks",
					"@loader_path/Frameworks",
				);
				MARKETING_VERSION = 1.0;
				PRODUCT_BUNDLE_IDENTIFIER = malmoYH.tryingpodsUITests;
				PRODUCT_NAME = "$(TARGET_NAME)";
				SWIFT_EMIT_LOC_STRINGS = NO;
				SWIFT_VERSION = 5.0;
				TARGETED_DEVICE_FAMILY = "1,2";
				TEST_TARGET_NAME = tryingpods;
			};
			name = Debug;
		};
		117F936526FC67800062721C /* Release */ = {
			isa = XCBuildConfiguration;
			baseConfigurationReference = E1BCA677A02161C84D68D4AC /* Pods-tryingpods-tryingpodsUITests.release.xcconfig */;
			buildSettings = {
				ALWAYS_EMBED_SWIFT_STANDARD_LIBRARIES = YES;
				CODE_SIGN_STYLE = Automatic;
				CURRENT_PROJECT_VERSION = 1;
				DEVELOPMENT_TEAM = FTFC3KJW65;
				GENERATE_INFOPLIST_FILE = YES;
				LD_RUNPATH_SEARCH_PATHS = (
					"$(inherited)",
					"@executable_path/Frameworks",
					"@loader_path/Frameworks",
				);
				MARKETING_VERSION = 1.0;
				PRODUCT_BUNDLE_IDENTIFIER = malmoYH.tryingpodsUITests;
				PRODUCT_NAME = "$(TARGET_NAME)";
				SWIFT_EMIT_LOC_STRINGS = NO;
				SWIFT_VERSION = 5.0;
				TARGETED_DEVICE_FAMILY = "1,2";
				TEST_TARGET_NAME = tryingpods;
			};
			name = Release;
		};
/* End XCBuildConfiguration section */

/* Begin XCConfigurationList section */
		117F932E26FC677E0062721C /* Build configuration list for PBXProject "tryingpods" */ = {
			isa = XCConfigurationList;
			buildConfigurations = (
				117F935B26FC67800062721C /* Debug */,
				117F935C26FC67800062721C /* Release */,
			);
			defaultConfigurationIsVisible = 0;
			defaultConfigurationName = Release;
		};
		117F935D26FC67800062721C /* Build configuration list for PBXNativeTarget "tryingpods" */ = {
			isa = XCConfigurationList;
			buildConfigurations = (
				117F935E26FC67800062721C /* Debug */,
				117F935F26FC67800062721C /* Release */,
			);
			defaultConfigurationIsVisible = 0;
			defaultConfigurationName = Release;
		};
		117F936026FC67800062721C /* Build configuration list for PBXNativeTarget "tryingpodsTests" */ = {
			isa = XCConfigurationList;
			buildConfigurations = (
				117F936126FC67800062721C /* Debug */,
				117F936226FC67800062721C /* Release */,
			);
			defaultConfigurationIsVisible = 0;
			defaultConfigurationName = Release;
		};
		117F936326FC67800062721C /* Build configuration list for PBXNativeTarget "tryingpodsUITests" */ = {
			isa = XCConfigurationList;
			buildConfigurations = (
				117F936426FC67800062721C /* Debug */,
				117F936526FC67800062721C /* Release */,
			);
			defaultConfigurationIsVisible = 0;
			defaultConfigurationName = Release;
		};
/* End XCConfigurationList section */
	};
	rootObject = 117F932B26FC677E0062721C /* Project object */;
}
